
Microsoft Visual Studio Solution File, Format Version 12.00
# Visual Studio Version 17
VisualStudioVersion = 17.4.33110.190
MinimumVisualStudioVersion = 10.0.40219.1
Project("{FAE04EC0-301F-11D3-BF4B-00C04F79EFBC}") = "BlazorOkta", "BlazorOkta.csproj", "{C3778264-0795-4126-9F9A-E7F37510DBB3}"
EndProject
Global
	GlobalSection(SolutionConfigurationPlatforms) = preSolution
		Debug|Any CPU = Debug|Any CPU
		Release|Any CPU = Release|Any CPU
	EndGlobalSection
	GlobalSection(ProjectConfigurationPlatforms) = postSolution
		{C3778264-0795-4126-9F9A-E7F37510DBB3}.Debug|Any CPU.ActiveCfg = Debug|Any CPU
		{C3778264-0795-4126-9F9A-E7F37510DBB3}.Debug|Any CPU.Build.0 = Debug|Any CPU
		{C3778264-0795-4126-9F9A-E7F37510DBB3}.Release|Any CPU.ActiveCfg = Release|Any CPU
		{C3778264-0795-4126-9F9A-E7F37510DBB3}.Release|Any CPU.Build.0 = Release|Any CPU
	EndGlobalSection
	GlobalSection(SolutionProperties) = preSolution
		HideSolutionNode = FALSE
	EndGlobalSection
	GlobalSection(ExtensibilityGlobals) = postSolution
		SolutionGuid = {693D7940-8252-4B4B-809B-A3B47E744DC5}
	EndGlobalSection
EndGlobal
